
Microsoft Visual Studio Solution File, Format Version 12.00
# Visual Studio 15
Project("{FAE04EC0-301F-11D3-BF4B-00C04F79EFBC}") = "AstarPathfindingProject", "AstarPathfindingProject.csproj", "{09D658D6-DCCD-F878-58E6-E06C38DB90A4}"
EndProject
Project("{FAE04EC0-301F-11D3-BF4B-00C04F79EFBC}") = "Assembly-CSharp", "Assembly-CSharp.csproj", "{3AAD06AD-CE4C-ACAD-1277-DB7E33135BB7}"
EndProject
Project("{FAE04EC0-301F-11D3-BF4B-00C04F79EFBC}") = "AstarPathfindingProjectEditor", "AstarPathfindingProjectEditor.csproj", "{EB16C2A5-5D86-6F47-661A-630561410BA1}"
EndProject
Project("{FAE04EC0-301F-11D3-BF4B-00C04F79EFBC}") = "PackageToolsEditor", "PackageToolsEditor.csproj", "{8D7194F5-7A91-3F67-52BB-595554705B9F}"
EndProject
Global
	GlobalSection(SolutionConfigurationPlatforms) = preSolution
		Debug|Any CPU = Debug|Any CPU
		Release|Any CPU = Release|Any CPU
	EndGlobalSection
	GlobalSection(ProjectConfigurationPlatforms) = postSolution
		{09D658D6-DCCD-F878-58E6-E06C38DB90A4}.Debug|Any CPU.ActiveCfg = Debug|Any CPU
		{09D658D6-DCCD-F878-58E6-E06C38DB90A4}.Debug|Any CPU.Build.0 = Debug|Any CPU
		{09D658D6-DCCD-F878-58E6-E06C38DB90A4}.Release|Any CPU.ActiveCfg = Release|Any CPU
		{09D658D6-DCCD-F878-58E6-E06C38DB90A4}.Release|Any CPU.Build.0 = Release|Any CPU
		{3AAD06AD-CE4C-ACAD-1277-DB7E33135BB7}.Debug|Any CPU.ActiveCfg = Debug|Any CPU
		{3AAD06AD-CE4C-ACAD-1277-DB7E33135BB7}.Debug|Any CPU.Build.0 = Debug|Any CPU
		{3AAD06AD-CE4C-ACAD-1277-DB7E33135BB7}.Release|Any CPU.ActiveCfg = Release|Any CPU
		{3AAD06AD-CE4C-ACAD-1277-DB7E33135BB7}.Release|Any CPU.Build.0 = Release|Any CPU
		{EB16C2A5-5D86-6F47-661A-630561410BA1}.Debug|Any CPU.ActiveCfg = Debug|Any CPU
		{EB16C2A5-5D86-6F47-661A-630561410BA1}.Debug|Any CPU.Build.0 = Debug|Any CPU
		{EB16C2A5-5D86-6F47-661A-630561410BA1}.Release|Any CPU.ActiveCfg = Release|Any CPU
		{EB16C2A5-5D86-6F47-661A-630561410BA1}.Release|Any CPU.Build.0 = Release|Any CPU
		{8D7194F5-7A91-3F67-52BB-595554705B9F}.Debug|Any CPU.ActiveCfg = Debug|Any CPU
		{8D7194F5-7A91-3F67-52BB-595554705B9F}.Debug|Any CPU.Build.0 = Debug|Any CPU
		{8D7194F5-7A91-3F67-52BB-595554705B9F}.Release|Any CPU.ActiveCfg = Release|Any CPU
		{8D7194F5-7A91-3F67-52BB-595554705B9F}.Release|Any CPU.Build.0 = Release|Any CPU
	EndGlobalSection
	GlobalSection(SolutionProperties) = preSolution
		HideSolutionNode = FALSE
	EndGlobalSection
EndGlobal
